<?xml version="1.0" encoding="utf-8"?>
<Project ToolsVersion="4.0" xmlns="http://schemas.microsoft.com/developer/msbuild/2003">
  <ItemGroup>
    <ApplicationDefinition Include="App.xaml" />
  </ItemGroup>
  <ItemGroup>
    <Page Include="MainWindow.xaml" />
    <Page Include="HomePage.xaml" />
    <Page Include="SettingsPage.xaml" />
    <Page Include="SearchPage.xaml">
      <Filter>SearchPage</Filter>
    </Page>
    <Page Include="PopupWindow.xaml">
      <Filter>Popup</Filter>
    </Page>
    <Page Include="SequencePopup.xaml">
      <Filter>Popup</Filter>
    </Page>
    <Page Include="SearchPopup.xaml">
      <Filter>Popup</Filter>
    </Page>
    <Page Include="NotifyIconPopup.xaml">
      <Filter>NotifyIcon</Filter>
    </Page>
  </ItemGroup>
  <ItemGroup>
    <Midl Include="MainWindow.idl" />
    <Midl Include="SearchPage\SearchPageViewModel.idl">
      <Filter>SearchPage</Filter>
    </Midl>
    <Midl Include="SearchPage\SequenceDetail.idl">
      <Filter>SearchPage</Filter>
    </Midl>
    <Midl Include="SearchPage.idl">
      <Filter>SearchPage</Filter>
    </Midl>
  </ItemGroup>
  <ItemGroup>
    <ClCompile Include="pch.cpp" />
    <ClCompile Include="$(GeneratedFilesDir)module.g.cpp" />
    <ClCompile Include="SearchPage\SearchPageViewModel.cpp">
      <Filter>SearchPage</Filter>
    </ClCompile>
    <ClCompile Include="SearchPage\SequenceDetail.cpp">
      <Filter>SearchPage</Filter>
    </ClCompile>
    <ClCompile Include="NotifyIcon.ixx">
      <Filter>NotifyIcon</Filter>
    </ClCompile>
    <ClCompile Include="NotifyIcon.cpp">
      <Filter>NotifyIcon</Filter>
    </ClCompile>
  </ItemGroup>
  <ItemGroup>
    <ClInclude Include="pch.hpp" />
    <ClInclude Include="Assets\Resources\keysymdef.txt">
      <Filter>Assets\Resources</Filter>
    </ClInclude>
    <ClInclude Include="SearchPage\SearchPageViewModel.h">
      <Filter>SearchPage</Filter>
    </ClInclude>
    <ClInclude Include="SearchPage\SequenceDetail.h">
      <Filter>SearchPage</Filter>
    </ClInclude>
  </ItemGroup>
  <ItemGroup>
    <Filter Include="Assets">
      <UniqueIdentifier>{e48dc53e-40b1-40cb-970a-f89935452892}</UniqueIdentifier>
    </Filter>
    <Filter Include="Assets\Resources">
      <UniqueIdentifier>{727390d1-6787-4add-834b-540001af7a85}</UniqueIdentifier>
    </Filter>
    <Filter Include="SearchPage">
      <UniqueIdentifier>{5e6d4c98-5dc7-4eda-9097-08c977fbac0c}</UniqueIdentifier>
    </Filter>
    <Filter Include="Wrapper">
      <UniqueIdentifier>{a6084de3-4f04-45fa-93b5-1f9b40da85b7}</UniqueIdentifier>
    </Filter>
    <Filter Include="Popup">
      <UniqueIdentifier>{019cba15-cb44-40c8-b7d6-aebbd0d04cf2}</UniqueIdentifier>
    </Filter>
    <Filter Include="NotifyIcon">
      <UniqueIdentifier>{76d1df31-c498-4008-8ecb-d3f395004b32}</UniqueIdentifier>
    </Filter>
  </ItemGroup>
  <ItemGroup>
    <Text Include="readme.txt" />
  </ItemGroup>
  <ItemGroup>
    <Manifest Include="app.manifest" />
  </ItemGroup>
  <ItemGroup>
    <None Include="packages.config" />
    <None Include="Assets\Resources\Compose.pre">
      <Filter>Assets\Resources</Filter>
    </None>
  </ItemGroup>
  <ItemGroup>
    <Natvis Include="$(MSBuildThisFileDirectory)..\..\natvis\wil.natvis" />
  </ItemGroup>
</Project>