<?xml version="1.0" encoding="utf-8"?>
<Project ToolsVersion="4.0" xmlns="http://schemas.microsoft.com/developer/msbuild/2003">
  <ItemGroup>
    <ApplicationDefinition Include="App.xaml" />
  </ItemGroup>
  <ItemGroup>
    <Page Include="MainWindow.xaml" />
    <Page Include="SettingsPage.xaml" />
    <Page Include="SearchPage.xaml">
      <Filter>SearchPage</Filter>
    </Page>
    <Page Include="PopupWindow.xaml">
      <Filter>Popup</Filter>
    </Page>
    <Page Include="SequencePopup.xaml">
      <Filter>Popup</Filter>
    </Page>
    <Page Include="SearchPopup.xaml">
      <Filter>Popup</Filter>
    </Page>
    <Page Include="CustomSeqPage.xaml" />
  </ItemGroup>
  <ItemGroup>
    <Midl Include="MainWindow.idl" />
    <Midl Include="SearchPage\SearchPageViewModel.idl">
      <Filter>SearchPage</Filter>
    </Midl>
    <Midl Include="SearchPage\SequenceDetail.idl">
      <Filter>SearchPage</Filter>
    </Midl>
    <Midl Include="SearchPage.idl">
      <Filter>SearchPage</Filter>
    </Midl>
    <Midl Include="AppManager.idl">
      <Filter>AppManager</Filter>
    </Midl>
  </ItemGroup>
  <ItemGroup>
    <ClCompile Include="pch.cpp" />
    <ClCompile Include="$(GeneratedFilesDir)module.g.cpp" />
    <ClCompile Include="SearchPage\SearchPageViewModel.cpp">
      <Filter>SearchPage</Filter>
    </ClCompile>
    <ClCompile Include="SearchPage\SequenceDetail.cpp">
      <Filter>SearchPage</Filter>
    </ClCompile>
    <ClCompile Include="AppManager.cpp">
      <Filter>AppManager</Filter>
    </ClCompile>
    <ClCompile Include="main.cpp" />
    <ClCompile Include="pcm.ixx" />
    <ClCompile Include="SequenceTemplate.cpp">
      <Filter>Popup</Filter>
    </ClCompile>
    <ClCompile Include="UnicodePopup.cpp">
      <Filter>Popup</Filter>
    </ClCompile>
  </ItemGroup>
  <ItemGroup>
    <ClInclude Include="pch.hpp" />
    <ClInclude Include="SearchPage\SearchPageViewModel.h">
      <Filter>SearchPage</Filter>
    </ClInclude>
    <ClInclude Include="SearchPage\SequenceDetail.h">
      <Filter>SearchPage</Filter>
    </ClInclude>
    <ClInclude Include="AppManager.h">
      <Filter>AppManager</Filter>
    </ClInclude>
    <ClInclude Include="SequenceTemplate.h">
      <Filter>Popup</Filter>
    </ClInclude>
    <ClInclude Include="UnicodePopup.h">
      <Filter>Popup</Filter>
    </ClInclude>
  </ItemGroup>
  <ItemGroup>
    <Filter Include="SearchPage">
      <UniqueIdentifier>{5e6d4c98-5dc7-4eda-9097-08c977fbac0c}</UniqueIdentifier>
    </Filter>
    <Filter Include="Wrapper">
      <UniqueIdentifier>{a6084de3-4f04-45fa-93b5-1f9b40da85b7}</UniqueIdentifier>
    </Filter>
    <Filter Include="Popup">
      <UniqueIdentifier>{019cba15-cb44-40c8-b7d6-aebbd0d04cf2}</UniqueIdentifier>
    </Filter>
    <Filter Include="AppManager">
      <UniqueIdentifier>{dc0015a4-57d2-4212-b22c-ef83b8879fd2}</UniqueIdentifier>
    </Filter>
  </ItemGroup>
  <ItemGroup>
    <Text Include="readme.txt" />
  </ItemGroup>
  <ItemGroup>
    <Manifest Include="app.manifest" />
  </ItemGroup>
  <ItemGroup>
    <None Include="packages.config" />
  </ItemGroup>
  <ItemGroup>
    <Natvis Include="$(MSBuildThisFileDirectory)..\..\natvis\wil.natvis" />
  </ItemGroup>
</Project>